// !$*UTF8*$!
{
	archiveVersion = 1;
	classes = {
	};
	objectVersion = 50;
	objects = {

/* Begin PBXBuildFile section */
		321EDC8F210BB36D00F6D11B /* AppDelegate.swift in Sources */ = {isa = PBXBuildFile; fileRef = 321EDC8E210BB36D00F6D11B /* AppDelegate.swift */; };
		321EDC91210BB36D00F6D11B /* ViewController.swift in Sources */ = {isa = PBXBuildFile; fileRef = 321EDC90210BB36D00F6D11B /* ViewController.swift */; };
		321EDC94210BB36D00F6D11B /* Main.storyboard in Resources */ = {isa = PBXBuildFile; fileRef = 321EDC92210BB36D00F6D11B /* Main.storyboard */; };
		321EDC96210BB37000F6D11B /* Assets.xcassets in Resources */ = {isa = PBXBuildFile; fileRef = 321EDC95210BB37000F6D11B /* Assets.xcassets */; };
		321EDC99210BB37000F6D11B /* LaunchScreen.storyboard in Resources */ = {isa = PBXBuildFile; fileRef = 321EDC97210BB37000F6D11B /* LaunchScreen.storyboard */; };
		321EDCA1210BB38600F6D11B /* RatingController.swift in Sources */ = {isa = PBXBuildFile; fileRef = 321EDCA0210BB38600F6D11B /* RatingController.swift */; };
/* End PBXBuildFile section */

/* Begin PBXFileReference section */
		321EDC8B210BB36D00F6D11B /* StarsRatingDemo.app */ = {isa = PBXFileReference; explicitFileType = wrapper.application; includeInIndex = 0; path = StarsRatingDemo.app; sourceTree = BUILT_PRODUCTS_DIR; };
		321EDC8E210BB36D00F6D11B /* AppDelegate.swift */ = {isa = PBXFileReference; lastKnownFileType = sourcecode.swift; path = AppDelegate.swift; sourceTree = "<group>"; };
		321EDC90210BB36D00F6D11B /* ViewController.swift */ = {isa = PBXFileReference; lastKnownFileType = sourcecode.swift; path = ViewController.swift; sourceTree = "<group>"; };
		321EDC93210BB36D00F6D11B /* Base */ = {isa = PBXFileReference; lastKnownFileType = file.storyboard; name = Base; path = Base.lproj/Main.storyboard; sourceTree = "<group>"; };
		321EDC95210BB37000F6D11B /* Assets.xcassets */ = {isa = PBXFileReference; lastKnownFileType = folder.assetcatalog; path = Assets.xcassets; sourceTree = "<group>"; };
		321EDC98210BB37000F6D11B /* Base */ = {isa = PBXFileReference; lastKnownFileType = file.storyboard; name = Base; path = Base.lproj/LaunchScreen.storyboard; sourceTree = "<group>"; };
		321EDC9A210BB37000F6D11B /* Info.plist */ = {isa = PBXFileReference; lastKnownFileType = text.plist.xml; path = Info.plist; sourceTree = "<group>"; };
		321EDCA0210BB38600F6D11B /* RatingController.swift */ = {isa = PBXFileReference; lastKnownFileType = sourcecode.swift; path = RatingController.swift; sourceTree = "<group>"; };
/* End PBXFileReference section */

/* Begin PBXFrameworksBuildPhase section */
		321EDC88210BB36D00F6D11B /* Frameworks */ = {
			isa = PBXFrameworksBuildPhase;
			buildActionMask = 2147483647;
			files = (
			);
			runOnlyForDeploymentPostprocessing = 0;
		};
/* End PBXFrameworksBuildPhase section */

/* Begin PBXGroup section */
		321EDC82210BB36D00F6D11B = {
			isa = PBXGroup;
			children = (
				321EDC8D210BB36D00F6D11B /* StarsRatingDemo */,
				321EDC8C210BB36D00F6D11B /* Products */,
			);
			sourceTree = "<group>";
		};
		321EDC8C210BB36D00F6D11B /* Products */ = {
			isa = PBXGroup;
			children = (
				321EDC8B210BB36D00F6D11B /* StarsRatingDemo.app */,
			);
			name = Products;
			sourceTree = "<group>";
		};
		321EDC8D210BB36D00F6D11B /* StarsRatingDemo */ = {
			isa = PBXGroup;
			children = (
				321EDC8E210BB36D00F6D11B /* AppDelegate.swift */,
				321EDC90210BB36D00F6D11B /* ViewController.swift */,
				321EDC92210BB36D00F6D11B /* Main.storyboard */,
				321EDC95210BB37000F6D11B /* Assets.xcassets */,
				321EDC97210BB37000F6D11B /* LaunchScreen.storyboard */,
				321EDC9A210BB37000F6D11B /* Info.plist */,
				321EDCA0210BB38600F6D11B /* RatingController.swift */,
			);
			path = StarsRatingDemo;
			sourceTree = "<group>";
		};
/* End PBXGroup section */

/* Begin PBXNativeTarget section */
		321EDC8A210BB36D00F6D11B /* StarsRatingDemo */ = {
			isa = PBXNativeTarget;
			buildConfigurationList = 321EDC9D210BB37000F6D11B /* Build configuration list for PBXNativeTarget "StarsRatingDemo" */;
			buildPhases = (
				321EDC87210BB36D00F6D11B /* Sources */,
				321EDC88210BB36D00F6D11B /* Frameworks */,
				321EDC89210BB36D00F6D11B /* Resources */,
			);
			buildRules = (
			);
			dependencies = (
			);
			name = StarsRatingDemo;
			productName = StarsRatingDemo;
			productReference = 321EDC8B210BB36D00F6D11B /* StarsRatingDemo.app */;
			productType = "com.apple.product-type.application";
		};
/* End PBXNativeTarget section */

/* Begin PBXProject section */
		321EDC83210BB36D00F6D11B /* Project object */ = {
			isa = PBXProject;
			attributes = {
				LastSwiftUpdateCheck = 0940;
				LastUpgradeCheck = 0940;
				ORGANIZATIONNAME = "mohamed al-ghamdi";
				TargetAttributes = {
					321EDC8A210BB36D00F6D11B = {
						CreatedOnToolsVersion = 9.4.1;
					};
				};
			};
			buildConfigurationList = 321EDC86210BB36D00F6D11B /* Build configuration list for PBXProject "StarsRatingDemo" */;
			compatibilityVersion = "Xcode 9.3";
			developmentRegion = en;
			hasScannedForEncodings = 0;
			knownRegions = (
				en,
				Base,
			);
			mainGroup = 321EDC82210BB36D00F6D11B;
			productRefGroup = 321EDC8C210BB36D00F6D11B /* Products */;
			projectDirPath = "";
			projectRoot = "";
			targets = (
				321EDC8A210BB36D00F6D11B /* StarsRatingDemo */,
			);
		};
/* End PBXProject section */

/* Begin PBXResourcesBuildPhase section */
		321EDC89210BB36D00F6D11B /* Resources */ = {
			isa = PBXResourcesBuildPhase;
			buildActionMask = 2147483647;
			files = (
				321EDC99210BB37000F6D11B /* LaunchScreen.storyboard in Resources */,
				321EDC96210BB37000F6D11B /* Assets.xcassets in Resources */,
				321EDC94210BB36D00F6D11B /* Main.storyboard in Resources */,
			);
			runOnlyForDeploymentPostprocessing = 0;
		};
/* End PBXResourcesBuildPhase section */

/* Begin PBXSourcesBuildPhase section */
		321EDC87210BB36D00F6D11B /* Sources */ = {
			isa = PBXSourcesBuildPhase;
			buildActionMask = 2147483647;
			files = (
				321EDC91210BB36D00F6D11B /* ViewController.swift in Sources */,
				321EDC8F210BB36D00F6D11B /* AppDelegate.swift in Sources */,
				321EDCA1210BB38600F6D11B /* RatingController.swift in Sources */,
			);
			runOnlyForDeploymentPostprocessing = 0;
		};
/* End PBXSourcesBuildPhase section */

/* Begin PBXVariantGroup section */
		321EDC92210BB36D00F6D11B /* Main.storyboard */ = {
			isa = PBXVariantGroup;
			children = (
				321EDC93210BB36D00F6D11B /* Base */,
			);
			name = Main.storyboard;
			sourceTree = "<group>";
		};
		321EDC97210BB37000F6D11B /* LaunchScreen.storyboard */ = {
			isa = PBXVariantGroup;
			children = (
				321EDC98210BB37000F6D11B /* Base */,
			);
			name = LaunchScreen.storyboard;
			sourceTree = "<group>";
		};
/* End PBXVariantGroup section */

/* Begin XCBuildConfiguration section */
		321EDC9B210BB37000F6D11B /* Debug */ = {
			isa = XCBuildConfiguration;
			buildSettings = {
				ALWAYS_SEARCH_USER_PATHS = NO;
				CLANG_ANALYZER_NONNULL = YES;
				CLANG_ANALYZER_NUMBER_OBJECT_CONVERSION = YES_AGGRESSIVE;
				CLANG_CXX_LANGUAGE_STANDARD = "gnu++14";
				CLANG_CXX_LIBRARY = "libc++";
				CLANG_ENABLE_MODULES = YES;
				CLANG_ENABLE_OBJC_ARC = YES;
				CLANG_ENABLE_OBJC_WEAK = YES;
				CLANG_WARN_BLOCK_CAPTURE_AUTORELEASING = YES;
				CLANG_WARN_BOOL_CONVERSION = YES;
				CLANG_WARN_COMMA = YES;
				CLANG_WARN_CONSTANT_CONVERSION = YES;
				CLANG_WARN_DEPRECATED_OBJC_IMPLEMENTATIONS = YES;
				CLANG_WARN_DIRECT_OBJC_ISA_USAGE = YES_ERROR;
				CLANG_WARN_DOCUMENTATION_COMMENTS = YES;
				CLANG_WARN_EMPTY_BODY = YES;
				CLANG_WARN_ENUM_CONVERSION = YES;
				CLANG_WARN_INFINITE_RECURSION = YES;
				CLANG_WARN_INT_CONVERSION = YES;
				CLANG_WARN_NON_LITERAL_NULL_CONVERSION = YES;
				CLANG_WARN_OBJC_IMPLICIT_RETAIN_SELF = YES;
				CLANG_WARN_OBJC_LITERAL_CONVERSION = YES;
				CLANG_WARN_OBJC_ROOT_CLASS = YES_ERROR;
				CLANG_WARN_RANGE_LOOP_ANALYSIS = YES;
				CLANG_WARN_STRICT_PROTOTYPES = YES;
				CLANG_WARN_SUSPICIOUS_MOVE = YES;
				CLANG_WARN_UNGUARDED_AVAILABILITY = YES_AGGRESSIVE;
				CLANG_WARN_UNREACHABLE_CODE = YES;
				CLANG_WARN__DUPLICATE_METHOD_MATCH = YES;
				CODE_SIGN_IDENTITY = "iPhone Developer";
				COPY_PHASE_STRIP = NO;
				DEBUG_INFORMATION_FORMAT = dwarf;
				ENABLE_STRICT_OBJC_MSGSEND = YES;
				ENABLE_TESTABILITY = YES;
				GCC_C_LANGUAGE_STANDARD = gnu11;
				GCC_DYNAMIC_NO_PIC = NO;
				GCC_NO_COMMON_BLOCKS = YES;
				GCC_OPTIMIZATION_LEVEL = 0;
				GCC_PREPROCESSOR_DEFINITIONS = (
					"DEBUG=1",
					"$(inherited)",
				);
				GCC_WARN_64_TO_32_BIT_CONVERSION = YES;
				GCC_WARN_ABOUT_RETURN_TYPE = YES_ERROR;
				GCC_WARN_UNDECLARED_SELECTOR = YES;
				GCC_WARN_UNINITIALIZED_AUTOS = YES_AGGRESSIVE;
				GCC_WARN_UNUSED_FUNCTION = YES;
				GCC_WARN_UNUSED_VARIABLE = YES;
				IPHONEOS_DEPLOYMENT_TARGET = 11.4;
				MTL_ENABLE_DEBUG_INFO = YES;
				ONLY_ACTIVE_ARCH = YES;
				SDKROOT = iphoneos;
				SWIFT_ACTIVE_COMPILATION_CONDITIONS = DEBUG;
				SWIFT_OPTIMIZATION_LEVEL = "-Onone";
			};
			name = Debug;
		};
		321EDC9C210BB37000F6D11B /* Release */ = {
			isa = XCBuildConfiguration;
			buildSettings = {
				ALWAYS_SEARCH_USER_PATHS = NO;
				CLANG_ANALYZER_NONNULL = YES;
				CLANG_ANALYZER_NUMBER_OBJECT_CONVERSION = YES_AGGRESSIVE;
				CLANG_CXX_LANGUAGE_STANDARD = "gnu++14";
				CLANG_CXX_LIBRARY = "libc++";
				CLANG_ENABLE_MODULES = YES;
				CLANG_ENABLE_OBJC_ARC = YES;
				CLANG_ENABLE_OBJC_WEAK = YES;
				CLANG_WARN_BLOCK_CAPTURE_AUTORELEASING = YES;
				CLANG_WARN_BOOL_CONVERSION = YES;
				CLANG_WARN_COMMA = YES;
				CLANG_WARN_CONSTANT_CONVERSION = YES;
				CLANG_WARN_DEPRECATED_OBJC_IMPLEMENTATIONS = YES;
				CLANG_WARN_DIRECT_OBJC_ISA_USAGE = YES_ERROR;
				CLANG_WARN_DOCUMENTATION_COMMENTS = YES;
				CLANG_WARN_EMPTY_BODY = YES;
				CLANG_WARN_ENUM_CONVERSION = YES;
				CLANG_WARN_INFINITE_RECURSION = YES;
				CLANG_WARN_INT_CONVERSION = YES;
				CLANG_WARN_NON_LITERAL_NULL_CONVERSION = YES;
				CLANG_WARN_OBJC_IMPLICIT_RETAIN_SELF = YES;
				CLANG_WARN_OBJC_LITERAL_CONVERSION = YES;
				CLANG_WARN_OBJC_ROOT_CLASS = YES_ERROR;
				CLANG_WARN_RANGE_LOOP_ANALYSIS = YES;
				CLANG_WARN_STRICT_PROTOTYPES = YES;
				CLANG_WARN_SUSPICIOUS_MOVE = YES;
				CLANG_WARN_UNGUARDED_AVAILABILITY = YES_AGGRESSIVE;
				CLANG_WARN_UNREACHABLE_CODE = YES;
				CLANG_WARN__DUPLICATE_METHOD_MATCH = YES;
				CODE_SIGN_IDENTITY = "iPhone Developer";
				COPY_PHASE_STRIP = NO;
				DEBUG_INFORMATION_FORMAT = "dwarf-with-dsym";
				ENABLE_NS_ASSERTIONS = NO;
				ENABLE_STRICT_OBJC_MSGSEND = YES;
				GCC_C_LANGUAGE_STANDARD = gnu11;
				GCC_NO_COMMON_BLOCKS = YES;
				GCC_WARN_64_TO_32_BIT_CONVERSION = YES;
				GCC_WARN_ABOUT_RETURN_TYPE = YES_ERROR;
				GCC_WARN_UNDECLARED_SELECTOR = YES;
				GCC_WARN_UNINITIALIZED_AUTOS = YES_AGGRESSIVE;
				GCC_WARN_UNUSED_FUNCTION = YES;
				GCC_WARN_UNUSED_VARIABLE = YES;
				IPHONEOS_DEPLOYMENT_TARGET = 11.4;
				MTL_ENABLE_DEBUG_INFO = NO;
				SDKROOT = iphoneos;
				SWIFT_COMPILATION_MODE = wholemodule;
				SWIFT_OPTIMIZATION_LEVEL = "-O";
				VALIDATE_PRODUCT = YES;
			};
			name = Release;
		};
		321EDC9E210BB37000F6D11B /* Debug */ = {
			isa = XCBuildConfiguration;
			buildSettings = {
				ASSETCATALOG_COMPILER_APPICON_NAME = AppIcon;
				CODE_SIGN_STYLE = Automatic;
				DEVELOPMENT_TEAM = 65Q3AEKH2T;
				INFOPLIST_FILE = StarsRatingDemo/Info.plist;
				LD_RUNPATH_SEARCH_PATHS = (
					"$(inherited)",
					"@executable_path/Frameworks",
				);
				PRODUCT_BUNDLE_IDENTIFIER = NOTHING.StarsRatingDemo;
				PRODUCT_NAME = "$(TARGET_NAME)";
				SWIFT_VERSION = 4.0;
				TARGETED_DEVICE_FAMILY = "1,2";
			};
			name = Debug;
		};
		321EDC9F210BB37000F6D11B /* Release */ = {
			isa = XCBuildConfiguration;
			buildSettings = {
				ASSETCATALOG_COMPILER_APPICON_NAME = AppIcon;
				CODE_SIGN_STYLE = Automatic;
				DEVELOPMENT_TEAM = 65Q3AEKH2T;
				INFOPLIST_FILE = StarsRatingDemo/Info.plist;
				LD_RUNPATH_SEARCH_PATHS = (
					"$(inherited)",
					"@executable_path/Frameworks",
				);
				PRODUCT_BUNDLE_IDENTIFIER = NOTHING.StarsRatingDemo;
				PRODUCT_NAME = "$(TARGET_NAME)";
				SWIFT_VERSION = 4.0;
				TARGETED_DEVICE_FAMILY = "1,2";
			};
			name = Release;
		};
/* End XCBuildConfiguration section */

/* Begin XCConfigurationList section */
		321EDC86210BB36D00F6D11B /* Build configuration list for PBXProject "StarsRatingDemo" */ = {
			isa = XCConfigurationList;
			buildConfigurations = (
				321EDC9B210BB37000F6D11B /* Debug */,
				321EDC9C210BB37000F6D11B /* Release */,
			);
			defaultConfigurationIsVisible = 0;
			defaultConfigurationName = Release;
		};
		321EDC9D210BB37000F6D11B /* Build configuration list for PBXNativeTarget "StarsRatingDemo" */ = {
			isa = XCConfigurationList;
			buildConfigurations = (
				321EDC9E210BB37000F6D11B /* Debug */,
				321EDC9F210BB37000F6D11B /* Release */,
			);
			defaultConfigurationIsVisible = 0;
			defaultConfigurationName = Release;
		};
/* End XCConfigurationList section */
	};
	rootObject = 321EDC83210BB36D00F6D11B /* Project object */;
}
